
Microsoft Visual Studio Solution File, Format Version 12.00
# Visual Studio 15
VisualStudioVersion = 15.0.27004.2002
MinimumVisualStudioVersion = 10.0.40219.1
Project("{FAE04EC0-301F-11D3-BF4B-00C04F79EFBC}") = "01. Bank Account", "01. Bank Account\01. Bank Account.csproj", "{E739AC17-7334-4E11-981E-0A7149D4E4C7}"
EndProject
Global
	GlobalSection(SolutionConfigurationPlatforms) = preSolution
		Debug|Any CPU = Debug|Any CPU
		Release|Any CPU = Release|Any CPU
	EndGlobalSection
	GlobalSection(ProjectConfigurationPlatforms) = postSolution
		{E739AC17-7334-4E11-981E-0A7149D4E4C7}.Debug|Any CPU.ActiveCfg = Debug|Any CPU
		{E739AC17-7334-4E11-981E-0A7149D4E4C7}.Debug|Any CPU.Build.0 = Debug|Any CPU
		{E739AC17-7334-4E11-981E-0A7149D4E4C7}.Release|Any CPU.ActiveCfg = Release|Any CPU
		{E739AC17-7334-4E11-981E-0A7149D4E4C7}.Release|Any CPU.Build.0 = Release|Any CPU
	EndGlobalSection
	GlobalSection(SolutionProperties) = preSolution
		HideSolutionNode = FALSE
	EndGlobalSection
	GlobalSection(ExtensibilityGlobals) = postSolution
		SolutionGuid = {AA548970-BAF4-41F5-83C1-DB0F8F5881CE}
	EndGlobalSection
EndGlobal
