
Microsoft Visual Studio Solution File, Format Version 12.00
# Visual Studio 15
VisualStudioVersion = 15.0.27004.2002
MinimumVisualStudioVersion = 10.0.40219.1
Project("{9A19103F-16F7-4668-BE54-9A1E7A4F7556}") = "DungeonsAndCodeWizards", "DungeonsAndCodeWizards.csproj", "{F1761F05-2A9C-42E2-9522-202E55BAF661}"
EndProject
Global
	GlobalSection(SolutionConfigurationPlatforms) = preSolution
		Debug|Any CPU = Debug|Any CPU
		Release|Any CPU = Release|Any CPU
	EndGlobalSection
	GlobalSection(ProjectConfigurationPlatforms) = postSolution
		{F1761F05-2A9C-42E2-9522-202E55BAF661}.Debug|Any CPU.ActiveCfg = Debug|Any CPU
		{F1761F05-2A9C-42E2-9522-202E55BAF661}.Debug|Any CPU.Build.0 = Debug|Any CPU
		{F1761F05-2A9C-42E2-9522-202E55BAF661}.Release|Any CPU.ActiveCfg = Release|Any CPU
		{F1761F05-2A9C-42E2-9522-202E55BAF661}.Release|Any CPU.Build.0 = Release|Any CPU
	EndGlobalSection
	GlobalSection(SolutionProperties) = preSolution
		HideSolutionNode = FALSE
	EndGlobalSection
	GlobalSection(ExtensibilityGlobals) = postSolution
		SolutionGuid = {1775B474-5564-4134-96CC-546FC5C7D489}
	EndGlobalSection
EndGlobal
