
Microsoft Visual Studio Solution File, Format Version 12.00
# Visual Studio 15
VisualStudioVersion = 15.0.27004.2002
MinimumVisualStudioVersion = 10.0.40219.1
Project("{FAE04EC0-301F-11D3-BF4B-00C04F79EFBC}") = "Vehicles", "Vehicles\Vehicles.csproj", "{5508FB71-D445-4839-B0C3-C77FEFCDBD5F}"
EndProject
Project("{FAE04EC0-301F-11D3-BF4B-00C04F79EFBC}") = "WildFarm", "WildFarm\WildFarm.csproj", "{95F067CA-4102-4F5D-8E56-402CA5CE6E56}"
EndProject
Global
	GlobalSection(SolutionConfigurationPlatforms) = preSolution
		Debug|Any CPU = Debug|Any CPU
		Release|Any CPU = Release|Any CPU
	EndGlobalSection
	GlobalSection(ProjectConfigurationPlatforms) = postSolution
		{5508FB71-D445-4839-B0C3-C77FEFCDBD5F}.Debug|Any CPU.ActiveCfg = Debug|Any CPU
		{5508FB71-D445-4839-B0C3-C77FEFCDBD5F}.Debug|Any CPU.Build.0 = Debug|Any CPU
		{5508FB71-D445-4839-B0C3-C77FEFCDBD5F}.Release|Any CPU.ActiveCfg = Release|Any CPU
		{5508FB71-D445-4839-B0C3-C77FEFCDBD5F}.Release|Any CPU.Build.0 = Release|Any CPU
		{95F067CA-4102-4F5D-8E56-402CA5CE6E56}.Debug|Any CPU.ActiveCfg = Debug|Any CPU
		{95F067CA-4102-4F5D-8E56-402CA5CE6E56}.Debug|Any CPU.Build.0 = Debug|Any CPU
		{95F067CA-4102-4F5D-8E56-402CA5CE6E56}.Release|Any CPU.ActiveCfg = Release|Any CPU
		{95F067CA-4102-4F5D-8E56-402CA5CE6E56}.Release|Any CPU.Build.0 = Release|Any CPU
	EndGlobalSection
	GlobalSection(SolutionProperties) = preSolution
		HideSolutionNode = FALSE
	EndGlobalSection
	GlobalSection(ExtensibilityGlobals) = postSolution
		SolutionGuid = {997F8F58-4AB2-4D02-A129-C0DE13A0A079}
	EndGlobalSection
EndGlobal
